// !$*UTF8*$!
{
	archiveVersion = 1;
	classes = {
	};
	objectVersion = 56;
	objects = {

/* Begin PBXBuildFile section */
		52567FEC2A0246B6004C5FFB /* DogGramApp.swift in Sources */ = {isa = PBXBuildFile; fileRef = 52567FEB2A0246B6004C5FFB /* DogGramApp.swift */; };
		52567FEE2A0246B6004C5FFB /* ContentView.swift in Sources */ = {isa = PBXBuildFile; fileRef = 52567FED2A0246B6004C5FFB /* ContentView.swift */; };
		52567FF02A0246B8004C5FFB /* Assets.xcassets in Resources */ = {isa = PBXBuildFile; fileRef = 52567FEF2A0246B8004C5FFB /* Assets.xcassets */; };
		52567FF32A0246B8004C5FFB /* Preview Assets.xcassets in Resources */ = {isa = PBXBuildFile; fileRef = 52567FF22A0246B8004C5FFB /* Preview Assets.xcassets */; };
		52567FFA2A025C05004C5FFB /* Launch.Screen.storyboard in Resources */ = {isa = PBXBuildFile; fileRef = 52567FF92A025C05004C5FFB /* Launch.Screen.storyboard */; };
		525680002A027581004C5FFB /* Extensions.swift in Sources */ = {isa = PBXBuildFile; fileRef = 52567FFF2A027581004C5FFB /* Extensions.swift */; };
		525680022A027685004C5FFB /* FeedView.swift in Sources */ = {isa = PBXBuildFile; fileRef = 525680012A027685004C5FFB /* FeedView.swift */; };
		525680042A027757004C5FFB /* PostView.swift in Sources */ = {isa = PBXBuildFile; fileRef = 525680032A027757004C5FFB /* PostView.swift */; };
		525680072A02801B004C5FFB /* PostModel.swift in Sources */ = {isa = PBXBuildFile; fileRef = 525680062A02801B004C5FFB /* PostModel.swift */; };
		525680092A02C59E004C5FFB /* PostArrayObject.swift in Sources */ = {isa = PBXBuildFile; fileRef = 525680082A02C59E004C5FFB /* PostArrayObject.swift */; };
		5256800D2A02E28F004C5FFB /* CommentsView.swift in Sources */ = {isa = PBXBuildFile; fileRef = 5256800C2A02E28F004C5FFB /* CommentsView.swift */; };
		5256800F2A02F2DC004C5FFB /* MessageView.swift in Sources */ = {isa = PBXBuildFile; fileRef = 5256800E2A02F2DC004C5FFB /* MessageView.swift */; };
		525680112A02F954004C5FFB /* CommentModel.swift in Sources */ = {isa = PBXBuildFile; fileRef = 525680102A02F954004C5FFB /* CommentModel.swift */; };
		525680132A039712004C5FFB /* BrowseView.swift in Sources */ = {isa = PBXBuildFile; fileRef = 525680122A039712004C5FFB /* BrowseView.swift */; };
		525680152A0399BB004C5FFB /* CarouselView.swift in Sources */ = {isa = PBXBuildFile; fileRef = 525680142A0399BB004C5FFB /* CarouselView.swift */; };
		525680172A03A9DA004C5FFB /* ImageGridView.swift in Sources */ = {isa = PBXBuildFile; fileRef = 525680162A03A9DA004C5FFB /* ImageGridView.swift */; };
		525680192A03C8A6004C5FFB /* UploadView.swift in Sources */ = {isa = PBXBuildFile; fileRef = 525680182A03C8A6004C5FFB /* UploadView.swift */; };
		5256801B2A03EF6C004C5FFB /* ImagePicker.swift in Sources */ = {isa = PBXBuildFile; fileRef = 5256801A2A03EF6C004C5FFB /* ImagePicker.swift */; };
		5256801D2A042A13004C5FFB /* PostImageView.swift in Sources */ = {isa = PBXBuildFile; fileRef = 5256801C2A042A13004C5FFB /* PostImageView.swift */; };
		52AF304C2A051F1D00E8EC59 /* ProfileView.swift in Sources */ = {isa = PBXBuildFile; fileRef = 52AF304B2A051F1D00E8EC59 /* ProfileView.swift */; };
		52AF304E2A05233D00E8EC59 /* ProfileHeaderView.swift in Sources */ = {isa = PBXBuildFile; fileRef = 52AF304D2A05233D00E8EC59 /* ProfileHeaderView.swift */; };
		52AF30502A0543E100E8EC59 /* SettingsView.swift in Sources */ = {isa = PBXBuildFile; fileRef = 52AF304F2A0543E100E8EC59 /* SettingsView.swift */; };
		52AF30522A0549F100E8EC59 /* SettingsLabelView.swift in Sources */ = {isa = PBXBuildFile; fileRef = 52AF30512A0549F100E8EC59 /* SettingsLabelView.swift */; };
		52AF30542A054EC900E8EC59 /* SettingsRowView.swift in Sources */ = {isa = PBXBuildFile; fileRef = 52AF30532A054EC900E8EC59 /* SettingsRowView.swift */; };
		52AF30562A054F0D00E8EC59 /* SettingsEditTextView.swift in Sources */ = {isa = PBXBuildFile; fileRef = 52AF30552A054F0D00E8EC59 /* SettingsEditTextView.swift */; };
		52AF30582A054F2B00E8EC59 /* SettingsEditImageView.swift in Sources */ = {isa = PBXBuildFile; fileRef = 52AF30572A054F2B00E8EC59 /* SettingsEditImageView.swift */; };
		52F905BE2A0658F100FB4777 /* SignUpView.swift in Sources */ = {isa = PBXBuildFile; fileRef = 52F905BD2A0658F100FB4777 /* SignUpView.swift */; };
		52F905C02A0665DE00FB4777 /* OnboardingView.swift in Sources */ = {isa = PBXBuildFile; fileRef = 52F905BF2A0665DE00FB4777 /* OnboardingView.swift */; };
		52F905C22A066AD900FB4777 /* SignInWithAppleButtonCustom.swift in Sources */ = {isa = PBXBuildFile; fileRef = 52F905C12A066AD900FB4777 /* SignInWithAppleButtonCustom.swift */; };
		52F905C42A066ECA00FB4777 /* OnboardingViewPart2.swift in Sources */ = {isa = PBXBuildFile; fileRef = 52F905C32A066ECA00FB4777 /* OnboardingViewPart2.swift */; };
		52F905C62A06ADDE00FB4777 /* LikeAnimationView.swift in Sources */ = {isa = PBXBuildFile; fileRef = 52F905C52A06ADDE00FB4777 /* LikeAnimationView.swift */; };
/* End PBXBuildFile section */

/* Begin PBXFileReference section */
		52567FE82A0246B6004C5FFB /* DogGram.app */ = {isa = PBXFileReference; explicitFileType = wrapper.application; includeInIndex = 0; path = DogGram.app; sourceTree = BUILT_PRODUCTS_DIR; };
		52567FEB2A0246B6004C5FFB /* DogGramApp.swift */ = {isa = PBXFileReference; lastKnownFileType = sourcecode.swift; path = DogGramApp.swift; sourceTree = "<group>"; };
		52567FED2A0246B6004C5FFB /* ContentView.swift */ = {isa = PBXFileReference; lastKnownFileType = sourcecode.swift; path = ContentView.swift; sourceTree = "<group>"; };
		52567FEF2A0246B8004C5FFB /* Assets.xcassets */ = {isa = PBXFileReference; lastKnownFileType = folder.assetcatalog; path = Assets.xcassets; sourceTree = "<group>"; };
		52567FF22A0246B8004C5FFB /* Preview Assets.xcassets */ = {isa = PBXFileReference; lastKnownFileType = folder.assetcatalog; path = "Preview Assets.xcassets"; sourceTree = "<group>"; };
		52567FF92A025C05004C5FFB /* Launch.Screen.storyboard */ = {isa = PBXFileReference; lastKnownFileType = file.storyboard; path = Launch.Screen.storyboard; sourceTree = "<group>"; };
		52567FFF2A027581004C5FFB /* Extensions.swift */ = {isa = PBXFileReference; lastKnownFileType = sourcecode.swift; path = Extensions.swift; sourceTree = "<group>"; };
		525680012A027685004C5FFB /* FeedView.swift */ = {isa = PBXFileReference; lastKnownFileType = sourcecode.swift; path = FeedView.swift; sourceTree = "<group>"; };
		525680032A027757004C5FFB /* PostView.swift */ = {isa = PBXFileReference; lastKnownFileType = sourcecode.swift; path = PostView.swift; sourceTree = "<group>"; };
		525680062A02801B004C5FFB /* PostModel.swift */ = {isa = PBXFileReference; lastKnownFileType = sourcecode.swift; path = PostModel.swift; sourceTree = "<group>"; };
		525680082A02C59E004C5FFB /* PostArrayObject.swift */ = {isa = PBXFileReference; lastKnownFileType = sourcecode.swift; path = PostArrayObject.swift; sourceTree = "<group>"; };
		5256800C2A02E28F004C5FFB /* CommentsView.swift */ = {isa = PBXFileReference; lastKnownFileType = sourcecode.swift; path = CommentsView.swift; sourceTree = "<group>"; };
		5256800E2A02F2DC004C5FFB /* MessageView.swift */ = {isa = PBXFileReference; lastKnownFileType = sourcecode.swift; path = MessageView.swift; sourceTree = "<group>"; };
		525680102A02F954004C5FFB /* CommentModel.swift */ = {isa = PBXFileReference; lastKnownFileType = sourcecode.swift; path = CommentModel.swift; sourceTree = "<group>"; };
		525680122A039712004C5FFB /* BrowseView.swift */ = {isa = PBXFileReference; lastKnownFileType = sourcecode.swift; path = BrowseView.swift; sourceTree = "<group>"; };
		525680142A0399BB004C5FFB /* CarouselView.swift */ = {isa = PBXFileReference; lastKnownFileType = sourcecode.swift; path = CarouselView.swift; sourceTree = "<group>"; };
		525680162A03A9DA004C5FFB /* ImageGridView.swift */ = {isa = PBXFileReference; lastKnownFileType = sourcecode.swift; path = ImageGridView.swift; sourceTree = "<group>"; };
		525680182A03C8A6004C5FFB /* UploadView.swift */ = {isa = PBXFileReference; lastKnownFileType = sourcecode.swift; path = UploadView.swift; sourceTree = "<group>"; };
		5256801A2A03EF6C004C5FFB /* ImagePicker.swift */ = {isa = PBXFileReference; lastKnownFileType = sourcecode.swift; path = ImagePicker.swift; sourceTree = "<group>"; };
		5256801C2A042A13004C5FFB /* PostImageView.swift */ = {isa = PBXFileReference; lastKnownFileType = sourcecode.swift; path = PostImageView.swift; sourceTree = "<group>"; };
		52AF304B2A051F1D00E8EC59 /* ProfileView.swift */ = {isa = PBXFileReference; lastKnownFileType = sourcecode.swift; path = ProfileView.swift; sourceTree = "<group>"; };
		52AF304D2A05233D00E8EC59 /* ProfileHeaderView.swift */ = {isa = PBXFileReference; lastKnownFileType = sourcecode.swift; path = ProfileHeaderView.swift; sourceTree = "<group>"; };
		52AF304F2A0543E100E8EC59 /* SettingsView.swift */ = {isa = PBXFileReference; lastKnownFileType = sourcecode.swift; path = SettingsView.swift; sourceTree = "<group>"; };
		52AF30512A0549F100E8EC59 /* SettingsLabelView.swift */ = {isa = PBXFileReference; lastKnownFileType = sourcecode.swift; path = SettingsLabelView.swift; sourceTree = "<group>"; };
		52AF30532A054EC900E8EC59 /* SettingsRowView.swift */ = {isa = PBXFileReference; lastKnownFileType = sourcecode.swift; path = SettingsRowView.swift; sourceTree = "<group>"; };
		52AF30552A054F0D00E8EC59 /* SettingsEditTextView.swift */ = {isa = PBXFileReference; lastKnownFileType = sourcecode.swift; path = SettingsEditTextView.swift; sourceTree = "<group>"; };
		52AF30572A054F2B00E8EC59 /* SettingsEditImageView.swift */ = {isa = PBXFileReference; lastKnownFileType = sourcecode.swift; path = SettingsEditImageView.swift; sourceTree = "<group>"; };
		52F905BD2A0658F100FB4777 /* SignUpView.swift */ = {isa = PBXFileReference; lastKnownFileType = sourcecode.swift; path = SignUpView.swift; sourceTree = "<group>"; };
		52F905BF2A0665DE00FB4777 /* OnboardingView.swift */ = {isa = PBXFileReference; lastKnownFileType = sourcecode.swift; path = OnboardingView.swift; sourceTree = "<group>"; };
		52F905C12A066AD900FB4777 /* SignInWithAppleButtonCustom.swift */ = {isa = PBXFileReference; lastKnownFileType = sourcecode.swift; path = SignInWithAppleButtonCustom.swift; sourceTree = "<group>"; };
		52F905C32A066ECA00FB4777 /* OnboardingViewPart2.swift */ = {isa = PBXFileReference; lastKnownFileType = sourcecode.swift; path = OnboardingViewPart2.swift; sourceTree = "<group>"; };
		52F905C52A06ADDE00FB4777 /* LikeAnimationView.swift */ = {isa = PBXFileReference; lastKnownFileType = sourcecode.swift; path = LikeAnimationView.swift; sourceTree = "<group>"; };
/* End PBXFileReference section */

/* Begin PBXFrameworksBuildPhase section */
		52567FE52A0246B6004C5FFB /* Frameworks */ = {
			isa = PBXFrameworksBuildPhase;
			buildActionMask = 2147483647;
			files = (
			);
			runOnlyForDeploymentPostprocessing = 0;
		};
/* End PBXFrameworksBuildPhase section */

/* Begin PBXGroup section */
		52567FDF2A0246B6004C5FFB = {
			isa = PBXGroup;
			children = (
				52567FEA2A0246B6004C5FFB /* DogGram */,
				52567FE92A0246B6004C5FFB /* Products */,
			);
			sourceTree = "<group>";
		};
		52567FE92A0246B6004C5FFB /* Products */ = {
			isa = PBXGroup;
			children = (
				52567FE82A0246B6004C5FFB /* DogGram.app */,
			);
			name = Products;
			sourceTree = "<group>";
		};
		52567FEA2A0246B6004C5FFB /* DogGram */ = {
			isa = PBXGroup;
			children = (
				525680052A02800A004C5FFB /* Model */,
				52567FFE2A02756A004C5FFB /* Helpers */,
				52567FFB2A02672C004C5FFB /* Views */,
				52567FF92A025C05004C5FFB /* Launch.Screen.storyboard */,
				52567FEF2A0246B8004C5FFB /* Assets.xcassets */,
				52567FF12A0246B8004C5FFB /* Preview Content */,
			);
			path = DogGram;
			sourceTree = "<group>";
		};
		52567FF12A0246B8004C5FFB /* Preview Content */ = {
			isa = PBXGroup;
			children = (
				52567FF22A0246B8004C5FFB /* Preview Assets.xcassets */,
			);
			path = "Preview Content";
			sourceTree = "<group>";
		};
		52567FFB2A02672C004C5FFB /* Views */ = {
			isa = PBXGroup;
			children = (
				52567FFD2A026741004C5FFB /* Subviews */,
				52567FFC2A026737004C5FFB /* Screens */,
			);
			path = Views;
			sourceTree = "<group>";
		};
		52567FFC2A026737004C5FFB /* Screens */ = {
			isa = PBXGroup;
			children = (
				52567FED2A0246B6004C5FFB /* ContentView.swift */,
				52567FEB2A0246B6004C5FFB /* DogGramApp.swift */,
				5256800C2A02E28F004C5FFB /* CommentsView.swift */,
				525680122A039712004C5FFB /* BrowseView.swift */,
				52AF304B2A051F1D00E8EC59 /* ProfileView.swift */,
				52F905BD2A0658F100FB4777 /* SignUpView.swift */,
				52F905BF2A0665DE00FB4777 /* OnboardingView.swift */,
				52F905C32A066ECA00FB4777 /* OnboardingViewPart2.swift */,
				525680012A027685004C5FFB /* FeedView.swift */,
				525680182A03C8A6004C5FFB /* UploadView.swift */,
				5256801C2A042A13004C5FFB /* PostImageView.swift */,
				52AF304F2A0543E100E8EC59 /* SettingsView.swift */,
				52AF30572A054F2B00E8EC59 /* SettingsEditImageView.swift */,
				52AF30552A054F0D00E8EC59 /* SettingsEditTextView.swift */,
			);
			path = Screens;
			sourceTree = "<group>";
		};
		52567FFD2A026741004C5FFB /* Subviews */ = {
			isa = PBXGroup;
			children = (
				525680032A027757004C5FFB /* PostView.swift */,
				52F905C12A066AD900FB4777 /* SignInWithAppleButtonCustom.swift */,
				52F905C52A06ADDE00FB4777 /* LikeAnimationView.swift */,
				5256800E2A02F2DC004C5FFB /* MessageView.swift */,
				525680142A0399BB004C5FFB /* CarouselView.swift */,
				525680162A03A9DA004C5FFB /* ImageGridView.swift */,
				5256801A2A03EF6C004C5FFB /* ImagePicker.swift */,
				52AF304D2A05233D00E8EC59 /* ProfileHeaderView.swift */,
				52AF30512A0549F100E8EC59 /* SettingsLabelView.swift */,
				52AF30532A054EC900E8EC59 /* SettingsRowView.swift */,
			);
			path = Subviews;
			sourceTree = "<group>";
		};
		52567FFE2A02756A004C5FFB /* Helpers */ = {
			isa = PBXGroup;
			children = (
				52567FFF2A027581004C5FFB /* Extensions.swift */,
			);
			path = Helpers;
			sourceTree = "<group>";
		};
		525680052A02800A004C5FFB /* Model */ = {
			isa = PBXGroup;
			children = (
				525680062A02801B004C5FFB /* PostModel.swift */,
				525680082A02C59E004C5FFB /* PostArrayObject.swift */,
				525680102A02F954004C5FFB /* CommentModel.swift */,
			);
			path = Model;
			sourceTree = "<group>";
		};
/* End PBXGroup section */

/* Begin PBXNativeTarget section */
		52567FE72A0246B6004C5FFB /* DogGram */ = {
			isa = PBXNativeTarget;
			buildConfigurationList = 52567FF62A0246B8004C5FFB /* Build configuration list for PBXNativeTarget "DogGram" */;
			buildPhases = (
				52567FE42A0246B6004C5FFB /* Sources */,
				52567FE52A0246B6004C5FFB /* Frameworks */,
				52567FE62A0246B6004C5FFB /* Resources */,
			);
			buildRules = (
			);
			dependencies = (
			);
			name = DogGram;
			productName = DogGram;
			productReference = 52567FE82A0246B6004C5FFB /* DogGram.app */;
			productType = "com.apple.product-type.application";
		};
/* End PBXNativeTarget section */

/* Begin PBXProject section */
		52567FE02A0246B6004C5FFB /* Project object */ = {
			isa = PBXProject;
			attributes = {
				BuildIndependentTargetsInParallel = 1;
				LastSwiftUpdateCheck = 1430;
				LastUpgradeCheck = 1430;
				TargetAttributes = {
					52567FE72A0246B6004C5FFB = {
						CreatedOnToolsVersion = 14.3;
					};
				};
			};
			buildConfigurationList = 52567FE32A0246B6004C5FFB /* Build configuration list for PBXProject "DogGram" */;
			compatibilityVersion = "Xcode 14.0";
			developmentRegion = en;
			hasScannedForEncodings = 0;
			knownRegions = (
				en,
				Base,
			);
			mainGroup = 52567FDF2A0246B6004C5FFB;
			productRefGroup = 52567FE92A0246B6004C5FFB /* Products */;
			projectDirPath = "";
			projectRoot = "";
			targets = (
				52567FE72A0246B6004C5FFB /* DogGram */,
			);
		};
/* End PBXProject section */

/* Begin PBXResourcesBuildPhase section */
		52567FE62A0246B6004C5FFB /* Resources */ = {
			isa = PBXResourcesBuildPhase;
			buildActionMask = 2147483647;
			files = (
				52567FFA2A025C05004C5FFB /* Launch.Screen.storyboard in Resources */,
				52567FF32A0246B8004C5FFB /* Preview Assets.xcassets in Resources */,
				52567FF02A0246B8004C5FFB /* Assets.xcassets in Resources */,
			);
			runOnlyForDeploymentPostprocessing = 0;
		};
/* End PBXResourcesBuildPhase section */

/* Begin PBXSourcesBuildPhase section */
		52567FE42A0246B6004C5FFB /* Sources */ = {
			isa = PBXSourcesBuildPhase;
			buildActionMask = 2147483647;
			files = (
				525680022A027685004C5FFB /* FeedView.swift in Sources */,
				52F905C22A066AD900FB4777 /* SignInWithAppleButtonCustom.swift in Sources */,
				525680072A02801B004C5FFB /* PostModel.swift in Sources */,
				52AF30522A0549F100E8EC59 /* SettingsLabelView.swift in Sources */,
				5256801D2A042A13004C5FFB /* PostImageView.swift in Sources */,
				52F905BE2A0658F100FB4777 /* SignUpView.swift in Sources */,
				52567FEE2A0246B6004C5FFB /* ContentView.swift in Sources */,
				5256800F2A02F2DC004C5FFB /* MessageView.swift in Sources */,
				525680002A027581004C5FFB /* Extensions.swift in Sources */,
				525680092A02C59E004C5FFB /* PostArrayObject.swift in Sources */,
				525680042A027757004C5FFB /* PostView.swift in Sources */,
				525680132A039712004C5FFB /* BrowseView.swift in Sources */,
				52AF304C2A051F1D00E8EC59 /* ProfileView.swift in Sources */,
				525680112A02F954004C5FFB /* CommentModel.swift in Sources */,
				52F905C62A06ADDE00FB4777 /* LikeAnimationView.swift in Sources */,
				525680172A03A9DA004C5FFB /* ImageGridView.swift in Sources */,
				52AF30582A054F2B00E8EC59 /* SettingsEditImageView.swift in Sources */,
				5256800D2A02E28F004C5FFB /* CommentsView.swift in Sources */,
				52AF304E2A05233D00E8EC59 /* ProfileHeaderView.swift in Sources */,
				525680192A03C8A6004C5FFB /* UploadView.swift in Sources */,
				52F905C02A0665DE00FB4777 /* OnboardingView.swift in Sources */,
				5256801B2A03EF6C004C5FFB /* ImagePicker.swift in Sources */,
				525680152A0399BB004C5FFB /* CarouselView.swift in Sources */,
				52567FEC2A0246B6004C5FFB /* DogGramApp.swift in Sources */,
				52AF30502A0543E100E8EC59 /* SettingsView.swift in Sources */,
				52AF30562A054F0D00E8EC59 /* SettingsEditTextView.swift in Sources */,
				52F905C42A066ECA00FB4777 /* OnboardingViewPart2.swift in Sources */,
				52AF30542A054EC900E8EC59 /* SettingsRowView.swift in Sources */,
			);
			runOnlyForDeploymentPostprocessing = 0;
		};
/* End PBXSourcesBuildPhase section */

/* Begin XCBuildConfiguration section */
		52567FF42A0246B8004C5FFB /* Debug */ = {
			isa = XCBuildConfiguration;
			buildSettings = {
				ALWAYS_SEARCH_USER_PATHS = NO;
				CLANG_ANALYZER_NONNULL = YES;
				CLANG_ANALYZER_NUMBER_OBJECT_CONVERSION = YES_AGGRESSIVE;
				CLANG_CXX_LANGUAGE_STANDARD = "gnu++20";
				CLANG_ENABLE_MODULES = YES;
				CLANG_ENABLE_OBJC_ARC = YES;
				CLANG_ENABLE_OBJC_WEAK = YES;
				CLANG_WARN_BLOCK_CAPTURE_AUTORELEASING = YES;
				CLANG_WARN_BOOL_CONVERSION = YES;
				CLANG_WARN_COMMA = YES;
				CLANG_WARN_CONSTANT_CONVERSION = YES;
				CLANG_WARN_DEPRECATED_OBJC_IMPLEMENTATIONS = YES;
				CLANG_WARN_DIRECT_OBJC_ISA_USAGE = YES_ERROR;
				CLANG_WARN_DOCUMENTATION_COMMENTS = YES;
				CLANG_WARN_EMPTY_BODY = YES;
				CLANG_WARN_ENUM_CONVERSION = YES;
				CLANG_WARN_INFINITE_RECURSION = YES;
				CLANG_WARN_INT_CONVERSION = YES;
				CLANG_WARN_NON_LITERAL_NULL_CONVERSION = YES;
				CLANG_WARN_OBJC_IMPLICIT_RETAIN_SELF = YES;
				CLANG_WARN_OBJC_LITERAL_CONVERSION = YES;
				CLANG_WARN_OBJC_ROOT_CLASS = YES_ERROR;
				CLANG_WARN_QUOTED_INCLUDE_IN_FRAMEWORK_HEADER = YES;
				CLANG_WARN_RANGE_LOOP_ANALYSIS = YES;
				CLANG_WARN_STRICT_PROTOTYPES = YES;
				CLANG_WARN_SUSPICIOUS_MOVE = YES;
				CLANG_WARN_UNGUARDED_AVAILABILITY = YES_AGGRESSIVE;
				CLANG_WARN_UNREACHABLE_CODE = YES;
				CLANG_WARN__DUPLICATE_METHOD_MATCH = YES;
				COPY_PHASE_STRIP = NO;
				DEBUG_INFORMATION_FORMAT = dwarf;
				ENABLE_STRICT_OBJC_MSGSEND = YES;
				ENABLE_TESTABILITY = YES;
				GCC_C_LANGUAGE_STANDARD = gnu11;
				GCC_DYNAMIC_NO_PIC = NO;
				GCC_NO_COMMON_BLOCKS = YES;
				GCC_OPTIMIZATION_LEVEL = 0;
				GCC_PREPROCESSOR_DEFINITIONS = (
					"DEBUG=1",
					"$(inherited)",
				);
				GCC_WARN_64_TO_32_BIT_CONVERSION = YES;
				GCC_WARN_ABOUT_RETURN_TYPE = YES_ERROR;
				GCC_WARN_UNDECLARED_SELECTOR = YES;
				GCC_WARN_UNINITIALIZED_AUTOS = YES_AGGRESSIVE;
				GCC_WARN_UNUSED_FUNCTION = YES;
				GCC_WARN_UNUSED_VARIABLE = YES;
				IPHONEOS_DEPLOYMENT_TARGET = 16.4;
				MTL_ENABLE_DEBUG_INFO = INCLUDE_SOURCE;
				MTL_FAST_MATH = YES;
				ONLY_ACTIVE_ARCH = YES;
				SDKROOT = iphoneos;
				SWIFT_ACTIVE_COMPILATION_CONDITIONS = DEBUG;
				SWIFT_OPTIMIZATION_LEVEL = "-Onone";
			};
			name = Debug;
		};
		52567FF52A0246B8004C5FFB /* Release */ = {
			isa = XCBuildConfiguration;
			buildSettings = {
				ALWAYS_SEARCH_USER_PATHS = NO;
				CLANG_ANALYZER_NONNULL = YES;
				CLANG_ANALYZER_NUMBER_OBJECT_CONVERSION = YES_AGGRESSIVE;
				CLANG_CXX_LANGUAGE_STANDARD = "gnu++20";
				CLANG_ENABLE_MODULES = YES;
				CLANG_ENABLE_OBJC_ARC = YES;
				CLANG_ENABLE_OBJC_WEAK = YES;
				CLANG_WARN_BLOCK_CAPTURE_AUTORELEASING = YES;
				CLANG_WARN_BOOL_CONVERSION = YES;
				CLANG_WARN_COMMA = YES;
				CLANG_WARN_CONSTANT_CONVERSION = YES;
				CLANG_WARN_DEPRECATED_OBJC_IMPLEMENTATIONS = YES;
				CLANG_WARN_DIRECT_OBJC_ISA_USAGE = YES_ERROR;
				CLANG_WARN_DOCUMENTATION_COMMENTS = YES;
				CLANG_WARN_EMPTY_BODY = YES;
				CLANG_WARN_ENUM_CONVERSION = YES;
				CLANG_WARN_INFINITE_RECURSION = YES;
				CLANG_WARN_INT_CONVERSION = YES;
				CLANG_WARN_NON_LITERAL_NULL_CONVERSION = YES;
				CLANG_WARN_OBJC_IMPLICIT_RETAIN_SELF = YES;
				CLANG_WARN_OBJC_LITERAL_CONVERSION = YES;
				CLANG_WARN_OBJC_ROOT_CLASS = YES_ERROR;
				CLANG_WARN_QUOTED_INCLUDE_IN_FRAMEWORK_HEADER = YES;
				CLANG_WARN_RANGE_LOOP_ANALYSIS = YES;
				CLANG_WARN_STRICT_PROTOTYPES = YES;
				CLANG_WARN_SUSPICIOUS_MOVE = YES;
				CLANG_WARN_UNGUARDED_AVAILABILITY = YES_AGGRESSIVE;
				CLANG_WARN_UNREACHABLE_CODE = YES;
				CLANG_WARN__DUPLICATE_METHOD_MATCH = YES;
				COPY_PHASE_STRIP = NO;
				DEBUG_INFORMATION_FORMAT = "dwarf-with-dsym";
				ENABLE_NS_ASSERTIONS = NO;
				ENABLE_STRICT_OBJC_MSGSEND = YES;
				GCC_C_LANGUAGE_STANDARD = gnu11;
				GCC_NO_COMMON_BLOCKS = YES;
				GCC_WARN_64_TO_32_BIT_CONVERSION = YES;
				GCC_WARN_ABOUT_RETURN_TYPE = YES_ERROR;
				GCC_WARN_UNDECLARED_SELECTOR = YES;
				GCC_WARN_UNINITIALIZED_AUTOS = YES_AGGRESSIVE;
				GCC_WARN_UNUSED_FUNCTION = YES;
				GCC_WARN_UNUSED_VARIABLE = YES;
				IPHONEOS_DEPLOYMENT_TARGET = 16.4;
				MTL_ENABLE_DEBUG_INFO = NO;
				MTL_FAST_MATH = YES;
				SDKROOT = iphoneos;
				SWIFT_COMPILATION_MODE = wholemodule;
				SWIFT_OPTIMIZATION_LEVEL = "-O";
				VALIDATE_PRODUCT = YES;
			};
			name = Release;
		};
		52567FF72A0246B8004C5FFB /* Debug */ = {
			isa = XCBuildConfiguration;
			buildSettings = {
				ASSETCATALOG_COMPILER_APPICON_NAME = AppIcon;
				ASSETCATALOG_COMPILER_GLOBAL_ACCENT_COLOR_NAME = AccentColor;
				CODE_SIGN_STYLE = Automatic;
				CURRENT_PROJECT_VERSION = 1;
				DEVELOPMENT_ASSET_PATHS = "\"DogGram/Preview Content\"";
				DEVELOPMENT_TEAM = SD67P42M35;
				ENABLE_PREVIEWS = YES;
				GENERATE_INFOPLIST_FILE = YES;
				INFOPLIST_KEY_NSCameraUsageDescription = "This app uses the camera at the user's request to take a photo";
				INFOPLIST_KEY_NSPhotoLibraryAddUsageDescription = "This allows the app to access the photo library to import or save a photo at the user's request.";
				INFOPLIST_KEY_UIApplicationSceneManifest_Generation = YES;
				INFOPLIST_KEY_UIApplicationSupportsIndirectInputEvents = YES;
				INFOPLIST_KEY_UILaunchScreen_Generation = YES;
				INFOPLIST_KEY_UILaunchStoryboardName = Launch.Screen.storyboard;
				INFOPLIST_KEY_UISupportedInterfaceOrientations_iPad = "UIInterfaceOrientationPortrait UIInterfaceOrientationPortraitUpsideDown UIInterfaceOrientationLandscapeLeft UIInterfaceOrientationLandscapeRight";
				INFOPLIST_KEY_UISupportedInterfaceOrientations_iPhone = "UIInterfaceOrientationPortrait UIInterfaceOrientationLandscapeLeft UIInterfaceOrientationLandscapeRight";
				LD_RUNPATH_SEARCH_PATHS = (
					"$(inherited)",
					"@executable_path/Frameworks",
				);
				MARKETING_VERSION = 1.0;
				PRODUCT_BUNDLE_IDENTIFIER = gmekv.DogGram;
				PRODUCT_NAME = "$(TARGET_NAME)";
				SWIFT_EMIT_LOC_STRINGS = YES;
				SWIFT_VERSION = 5.0;
				TARGETED_DEVICE_FAMILY = "1,2";
			};
			name = Debug;
		};
		52567FF82A0246B8004C5FFB /* Release */ = {
			isa = XCBuildConfiguration;
			buildSettings = {
				ASSETCATALOG_COMPILER_APPICON_NAME = AppIcon;
				ASSETCATALOG_COMPILER_GLOBAL_ACCENT_COLOR_NAME = AccentColor;
				CODE_SIGN_STYLE = Automatic;
				CURRENT_PROJECT_VERSION = 1;
				DEVELOPMENT_ASSET_PATHS = "\"DogGram/Preview Content\"";
				DEVELOPMENT_TEAM = SD67P42M35;
				ENABLE_PREVIEWS = YES;
				GENERATE_INFOPLIST_FILE = YES;
				INFOPLIST_KEY_NSCameraUsageDescription = "This app uses the camera at the user's request to take a photo";
				INFOPLIST_KEY_NSPhotoLibraryAddUsageDescription = "This allows the app to access the photo library to import or save a photo at the user's request.";
				INFOPLIST_KEY_UIApplicationSceneManifest_Generation = YES;
				INFOPLIST_KEY_UIApplicationSupportsIndirectInputEvents = YES;
				INFOPLIST_KEY_UILaunchScreen_Generation = YES;
				INFOPLIST_KEY_UILaunchStoryboardName = Launch.Screen.storyboard;
				INFOPLIST_KEY_UISupportedInterfaceOrientations_iPad = "UIInterfaceOrientationPortrait UIInterfaceOrientationPortraitUpsideDown UIInterfaceOrientationLandscapeLeft UIInterfaceOrientationLandscapeRight";
				INFOPLIST_KEY_UISupportedInterfaceOrientations_iPhone = "UIInterfaceOrientationPortrait UIInterfaceOrientationLandscapeLeft UIInterfaceOrientationLandscapeRight";
				LD_RUNPATH_SEARCH_PATHS = (
					"$(inherited)",
					"@executable_path/Frameworks",
				);
				MARKETING_VERSION = 1.0;
				PRODUCT_BUNDLE_IDENTIFIER = gmekv.DogGram;
				PRODUCT_NAME = "$(TARGET_NAME)";
				SWIFT_EMIT_LOC_STRINGS = YES;
				SWIFT_VERSION = 5.0;
				TARGETED_DEVICE_FAMILY = "1,2";
			};
			name = Release;
		};
/* End XCBuildConfiguration section */

/* Begin XCConfigurationList section */
		52567FE32A0246B6004C5FFB /* Build configuration list for PBXProject "DogGram" */ = {
			isa = XCConfigurationList;
			buildConfigurations = (
				52567FF42A0246B8004C5FFB /* Debug */,
				52567FF52A0246B8004C5FFB /* Release */,
			);
			defaultConfigurationIsVisible = 0;
			defaultConfigurationName = Release;
		};
		52567FF62A0246B8004C5FFB /* Build configuration list for PBXNativeTarget "DogGram" */ = {
			isa = XCConfigurationList;
			buildConfigurations = (
				52567FF72A0246B8004C5FFB /* Debug */,
				52567FF82A0246B8004C5FFB /* Release */,
			);
			defaultConfigurationIsVisible = 0;
			defaultConfigurationName = Release;
		};
/* End XCConfigurationList section */
	};
	rootObject = 52567FE02A0246B6004C5FFB /* Project object */;
}
